
Microsoft Visual Studio Solution File, Format Version 12.00
# Visual Studio 15
VisualStudioVersion = 15.0.28307.1000
MinimumVisualStudioVersion = 10.0.40219.1
Project("{FE7A1B72-C5B7-4D7C-BB7D-76384D4DE8E1}") = "TcHmiAdvancedTextbox_Dev", "TcHmiAdvancedTextbox_Dev\TcHmiAdvancedTextbox_Dev.hmiproj", "{2A27D8D3-40D8-4BB6-8EF6-3A7F13EDF853}"
EndProject
Project("{3B740506-4966-4147-AB1F-357FE08946EA}") = "TcHmi_AdvancedTextbox", "TcHmi_AdvancedTextbox\TcHmi_AdvancedTextbox.hmiextproj", "{B9748866-2D85-4D9A-8E98-51087020CE54}"
EndProject
Global
	GlobalSection(SolutionConfigurationPlatforms) = preSolution
		Debug|TwinCAT CE7 (ARMV7) = Debug|TwinCAT CE7 (ARMV7)
		Debug|TwinCAT HMI = Debug|TwinCAT HMI
		Debug|TwinCAT OS (ARMT2) = Debug|TwinCAT OS (ARMT2)
		Debug|TwinCAT RT (x64) = Debug|TwinCAT RT (x64)
		Debug|TwinCAT RT (x86) = Debug|TwinCAT RT (x86)
		Release|TwinCAT CE7 (ARMV7) = Release|TwinCAT CE7 (ARMV7)
		Release|TwinCAT HMI = Release|TwinCAT HMI
		Release|TwinCAT OS (ARMT2) = Release|TwinCAT OS (ARMT2)
		Release|TwinCAT RT (x64) = Release|TwinCAT RT (x64)
		Release|TwinCAT RT (x86) = Release|TwinCAT RT (x86)
	EndGlobalSection
	GlobalSection(ProjectConfigurationPlatforms) = postSolution
		{2A27D8D3-40D8-4BB6-8EF6-3A7F13EDF853}.Debug|TwinCAT CE7 (ARMV7).ActiveCfg = Debug|TwinCAT HMI
		{2A27D8D3-40D8-4BB6-8EF6-3A7F13EDF853}.Debug|TwinCAT HMI.ActiveCfg = Debug|TwinCAT HMI
		{2A27D8D3-40D8-4BB6-8EF6-3A7F13EDF853}.Debug|TwinCAT HMI.Build.0 = Debug|TwinCAT HMI
		{2A27D8D3-40D8-4BB6-8EF6-3A7F13EDF853}.Debug|TwinCAT OS (ARMT2).ActiveCfg = Debug|TwinCAT HMI
		{2A27D8D3-40D8-4BB6-8EF6-3A7F13EDF853}.Debug|TwinCAT RT (x64).ActiveCfg = Debug|TwinCAT HMI
		{2A27D8D3-40D8-4BB6-8EF6-3A7F13EDF853}.Debug|TwinCAT RT (x86).ActiveCfg = Debug|TwinCAT HMI
		{2A27D8D3-40D8-4BB6-8EF6-3A7F13EDF853}.Release|TwinCAT CE7 (ARMV7).ActiveCfg = Release|TwinCAT HMI
		{2A27D8D3-40D8-4BB6-8EF6-3A7F13EDF853}.Release|TwinCAT HMI.ActiveCfg = Release|TwinCAT HMI
		{2A27D8D3-40D8-4BB6-8EF6-3A7F13EDF853}.Release|TwinCAT HMI.Build.0 = Release|TwinCAT HMI
		{2A27D8D3-40D8-4BB6-8EF6-3A7F13EDF853}.Release|TwinCAT OS (ARMT2).ActiveCfg = Release|TwinCAT HMI
		{2A27D8D3-40D8-4BB6-8EF6-3A7F13EDF853}.Release|TwinCAT RT (x64).ActiveCfg = Release|TwinCAT HMI
		{2A27D8D3-40D8-4BB6-8EF6-3A7F13EDF853}.Release|TwinCAT RT (x86).ActiveCfg = Release|TwinCAT HMI
		{B9748866-2D85-4D9A-8E98-51087020CE54}.Debug|TwinCAT CE7 (ARMV7).ActiveCfg = Debug|TwinCAT HMI
		{B9748866-2D85-4D9A-8E98-51087020CE54}.Debug|TwinCAT HMI.ActiveCfg = Debug|TwinCAT HMI
		{B9748866-2D85-4D9A-8E98-51087020CE54}.Debug|TwinCAT HMI.Build.0 = Debug|TwinCAT HMI
		{B9748866-2D85-4D9A-8E98-51087020CE54}.Debug|TwinCAT OS (ARMT2).ActiveCfg = Debug|TwinCAT HMI
		{B9748866-2D85-4D9A-8E98-51087020CE54}.Debug|TwinCAT RT (x64).ActiveCfg = Debug|TwinCAT HMI
		{B9748866-2D85-4D9A-8E98-51087020CE54}.Debug|TwinCAT RT (x86).ActiveCfg = Debug|TwinCAT HMI
		{B9748866-2D85-4D9A-8E98-51087020CE54}.Release|TwinCAT CE7 (ARMV7).ActiveCfg = Release|TwinCAT HMI
		{B9748866-2D85-4D9A-8E98-51087020CE54}.Release|TwinCAT HMI.ActiveCfg = Release|TwinCAT HMI
		{B9748866-2D85-4D9A-8E98-51087020CE54}.Release|TwinCAT HMI.Build.0 = Release|TwinCAT HMI
		{B9748866-2D85-4D9A-8E98-51087020CE54}.Release|TwinCAT OS (ARMT2).ActiveCfg = Release|TwinCAT HMI
		{B9748866-2D85-4D9A-8E98-51087020CE54}.Release|TwinCAT RT (x64).ActiveCfg = Release|TwinCAT HMI
		{B9748866-2D85-4D9A-8E98-51087020CE54}.Release|TwinCAT RT (x86).ActiveCfg = Release|TwinCAT HMI
	EndGlobalSection
	GlobalSection(SolutionProperties) = preSolution
		HideSolutionNode = FALSE
	EndGlobalSection
	GlobalSection(ExtensibilityGlobals) = postSolution
		SolutionGuid = {0B98C91B-E593-4473-86A2-CF68198AEFFD}
	EndGlobalSection
EndGlobal
